
Microsoft Visual Studio Solution File, Format Version 12.00
# Visual Studio 15
Project("{FAE04EC0-301F-11D3-BF4B-00C04F79EFBC}") = "Assembly-CSharp-Editor", "Assembly-CSharp-Editor.csproj", "{F6DA040A-8490-C3F4-9C24-CBF6365BBE66}"
EndProject
Project("{FAE04EC0-301F-11D3-BF4B-00C04F79EFBC}") = "Assembly-CSharp", "Assembly-CSharp.csproj", "{4283E023-4D82-1634-28D6-8A15CF4BF159}"
EndProject
Global
	GlobalSection(SolutionConfigurationPlatforms) = preSolution
		Debug|Any CPU = Debug|Any CPU
		Release|Any CPU = Release|Any CPU
	EndGlobalSection
	GlobalSection(ProjectConfigurationPlatforms) = postSolution
		{F6DA040A-8490-C3F4-9C24-CBF6365BBE66}.Debug|Any CPU.ActiveCfg = Debug|Any CPU
		{F6DA040A-8490-C3F4-9C24-CBF6365BBE66}.Debug|Any CPU.Build.0 = Debug|Any CPU
		{F6DA040A-8490-C3F4-9C24-CBF6365BBE66}.Release|Any CPU.ActiveCfg = Release|Any CPU
		{F6DA040A-8490-C3F4-9C24-CBF6365BBE66}.Release|Any CPU.Build.0 = Release|Any CPU
		{4283E023-4D82-1634-28D6-8A15CF4BF159}.Debug|Any CPU.ActiveCfg = Debug|Any CPU
		{4283E023-4D82-1634-28D6-8A15CF4BF159}.Debug|Any CPU.Build.0 = Debug|Any CPU
		{4283E023-4D82-1634-28D6-8A15CF4BF159}.Release|Any CPU.ActiveCfg = Release|Any CPU
		{4283E023-4D82-1634-28D6-8A15CF4BF159}.Release|Any CPU.Build.0 = Release|Any CPU
	EndGlobalSection
	GlobalSection(SolutionProperties) = preSolution
		HideSolutionNode = FALSE
	EndGlobalSection
EndGlobal
