
Microsoft Visual Studio Solution File, Format Version 12.00
# Visual Studio 15
Project("{FAE04EC0-301F-11D3-BF4B-00C04F79EFBC}") = "asset-store-tools-editor", "asset-store-tools-editor.csproj", "{02E4C846-2A72-E477-7E20-4692BF10FC18}"
EndProject
Project("{FAE04EC0-301F-11D3-BF4B-00C04F79EFBC}") = "Assembly-CSharp", "Assembly-CSharp.csproj", "{2F4570D2-CD94-3CC9-CFCA-3AAACD24E164}"
EndProject
Project("{FAE04EC0-301F-11D3-BF4B-00C04F79EFBC}") = "Unity.XR.Interaction.Toolkit.Samples.DeviceSimulator", "Unity.XR.Interaction.Toolkit.Samples.DeviceSimulator.csproj", "{DF2798A4-9C8D-B64B-E2E3-F4404A3A8C19}"
EndProject
Project("{FAE04EC0-301F-11D3-BF4B-00C04F79EFBC}") = "Assembly-CSharp-Editor", "Assembly-CSharp-Editor.csproj", "{97E7428D-336D-017E-9DB2-C58FE27DF313}"
EndProject
Global
	GlobalSection(SolutionConfigurationPlatforms) = preSolution
		Debug|Any CPU = Debug|Any CPU
		Release|Any CPU = Release|Any CPU
	EndGlobalSection
	GlobalSection(ProjectConfigurationPlatforms) = postSolution
		{02E4C846-2A72-E477-7E20-4692BF10FC18}.Debug|Any CPU.ActiveCfg = Debug|Any CPU
		{02E4C846-2A72-E477-7E20-4692BF10FC18}.Debug|Any CPU.Build.0 = Debug|Any CPU
		{02E4C846-2A72-E477-7E20-4692BF10FC18}.Release|Any CPU.ActiveCfg = Release|Any CPU
		{02E4C846-2A72-E477-7E20-4692BF10FC18}.Release|Any CPU.Build.0 = Release|Any CPU
		{2F4570D2-CD94-3CC9-CFCA-3AAACD24E164}.Debug|Any CPU.ActiveCfg = Debug|Any CPU
		{2F4570D2-CD94-3CC9-CFCA-3AAACD24E164}.Debug|Any CPU.Build.0 = Debug|Any CPU
		{2F4570D2-CD94-3CC9-CFCA-3AAACD24E164}.Release|Any CPU.ActiveCfg = Release|Any CPU
		{2F4570D2-CD94-3CC9-CFCA-3AAACD24E164}.Release|Any CPU.Build.0 = Release|Any CPU
		{DF2798A4-9C8D-B64B-E2E3-F4404A3A8C19}.Debug|Any CPU.ActiveCfg = Debug|Any CPU
		{DF2798A4-9C8D-B64B-E2E3-F4404A3A8C19}.Debug|Any CPU.Build.0 = Debug|Any CPU
		{DF2798A4-9C8D-B64B-E2E3-F4404A3A8C19}.Release|Any CPU.ActiveCfg = Release|Any CPU
		{DF2798A4-9C8D-B64B-E2E3-F4404A3A8C19}.Release|Any CPU.Build.0 = Release|Any CPU
		{97E7428D-336D-017E-9DB2-C58FE27DF313}.Debug|Any CPU.ActiveCfg = Debug|Any CPU
		{97E7428D-336D-017E-9DB2-C58FE27DF313}.Debug|Any CPU.Build.0 = Debug|Any CPU
		{97E7428D-336D-017E-9DB2-C58FE27DF313}.Release|Any CPU.ActiveCfg = Release|Any CPU
		{97E7428D-336D-017E-9DB2-C58FE27DF313}.Release|Any CPU.Build.0 = Release|Any CPU
	EndGlobalSection
	GlobalSection(SolutionProperties) = preSolution
		HideSolutionNode = FALSE
	EndGlobalSection
EndGlobal
